
Microsoft Visual Studio Solution File, Format Version 12.00
# Visual Studio 14
VisualStudioVersion = 14.0.24720.0
MinimumVisualStudioVersion = 10.0.40219.1
Project("{FAE04EC0-301F-11D3-BF4B-00C04F79EFBC}") = "MetMuseumApi", "MetMuseumApi\MetMuseumApi.csproj", "{F489B114-1601-4C92-AAE5-53EE1388F479}"
EndProject
Project("{FAE04EC0-301F-11D3-BF4B-00C04F79EFBC}") = "MetMuseumApiTests", "MetMuseumApiTests\MetMuseumApiTests.csproj", "{474D5E6A-D74C-46BE-B370-65831302B19D}"
EndProject
Project("{FAE04EC0-301F-11D3-BF4B-00C04F79EFBC}") = "WebTesting", "WebTesting\WebTesting.csproj", "{E7A3857D-3BEB-4E97-A950-A7077133B6DA}"
EndProject
Global
	GlobalSection(SolutionConfigurationPlatforms) = preSolution
		Debug|Any CPU = Debug|Any CPU
		Release|Any CPU = Release|Any CPU
	EndGlobalSection
	GlobalSection(ProjectConfigurationPlatforms) = postSolution
		{F489B114-1601-4C92-AAE5-53EE1388F479}.Debug|Any CPU.ActiveCfg = Debug|Any CPU
		{F489B114-1601-4C92-AAE5-53EE1388F479}.Debug|Any CPU.Build.0 = Debug|Any CPU
		{F489B114-1601-4C92-AAE5-53EE1388F479}.Release|Any CPU.ActiveCfg = Release|Any CPU
		{F489B114-1601-4C92-AAE5-53EE1388F479}.Release|Any CPU.Build.0 = Release|Any CPU
		{474D5E6A-D74C-46BE-B370-65831302B19D}.Debug|Any CPU.ActiveCfg = Debug|Any CPU
		{474D5E6A-D74C-46BE-B370-65831302B19D}.Debug|Any CPU.Build.0 = Debug|Any CPU
		{474D5E6A-D74C-46BE-B370-65831302B19D}.Release|Any CPU.ActiveCfg = Release|Any CPU
		{474D5E6A-D74C-46BE-B370-65831302B19D}.Release|Any CPU.Build.0 = Release|Any CPU
		{E7A3857D-3BEB-4E97-A950-A7077133B6DA}.Debug|Any CPU.ActiveCfg = Debug|Any CPU
		{E7A3857D-3BEB-4E97-A950-A7077133B6DA}.Debug|Any CPU.Build.0 = Debug|Any CPU
		{E7A3857D-3BEB-4E97-A950-A7077133B6DA}.Release|Any CPU.ActiveCfg = Release|Any CPU
		{E7A3857D-3BEB-4E97-A950-A7077133B6DA}.Release|Any CPU.Build.0 = Release|Any CPU
	EndGlobalSection
	GlobalSection(SolutionProperties) = preSolution
		HideSolutionNode = FALSE
	EndGlobalSection
EndGlobal
